
Microsoft Visual Studio Solution File, Format Version 12.00
# Visual Studio Version 17
VisualStudioVersion = 17.10.35122.118
MinimumVisualStudioVersion = 10.0.40219.1
Project("{FAE04EC0-301F-11D3-BF4B-00C04F79EFBC}") = "weblearn", "weblearn\weblearn.csproj", "{B45318DB-2528-463E-A7BF-9DE63D7F4FE1}"
EndProject
Global
	GlobalSection(SolutionConfigurationPlatforms) = preSolution
		Debug|Any CPU = Debug|Any CPU
		Release|Any CPU = Release|Any CPU
	EndGlobalSection
	GlobalSection(ProjectConfigurationPlatforms) = postSolution
		{B45318DB-2528-463E-A7BF-9DE63D7F4FE1}.Debug|Any CPU.ActiveCfg = Debug|Any CPU
		{B45318DB-2528-463E-A7BF-9DE63D7F4FE1}.Debug|Any CPU.Build.0 = Debug|Any CPU
		{B45318DB-2528-463E-A7BF-9DE63D7F4FE1}.Release|Any CPU.ActiveCfg = Release|Any CPU
		{B45318DB-2528-463E-A7BF-9DE63D7F4FE1}.Release|Any CPU.Build.0 = Release|Any CPU
	EndGlobalSection
	GlobalSection(SolutionProperties) = preSolution
		HideSolutionNode = FALSE
	EndGlobalSection
	GlobalSection(ExtensibilityGlobals) = postSolution
		SolutionGuid = {44E10707-9444-49A1-98EF-D8174110C0AD}
	EndGlobalSection
EndGlobal
